
Microsoft Visual Studio Solution File, Format Version 12.00
# Visual Studio Version 17
VisualStudioVersion = 17.8.34408.163
MinimumVisualStudioVersion = 10.0.40219.1
Project("{FAE04EC0-301F-11D3-BF4B-00C04F79EFBC}") = "M000", "M000\M000.csproj", "{79DA5EF4-E079-4F19-80D0-6A9B85C6A4AF}"
EndProject
Project("{9A19103F-16F7-4668-BE54-9A1E7A4F7556}") = "M001", "M001\M001.csproj", "{88246422-E4EB-4586-B9BB-35EEA4EA242D}"
EndProject
Project("{FAE04EC0-301F-11D3-BF4B-00C04F79EFBC}") = "M002", "M002\M002.csproj", "{CD22764D-F9E7-45C0-B54F-6350BF1A1732}"
EndProject
Global
	GlobalSection(SolutionConfigurationPlatforms) = preSolution
		Debug|Any CPU = Debug|Any CPU
		Release|Any CPU = Release|Any CPU
	EndGlobalSection
	GlobalSection(ProjectConfigurationPlatforms) = postSolution
		{79DA5EF4-E079-4F19-80D0-6A9B85C6A4AF}.Debug|Any CPU.ActiveCfg = Debug|Any CPU
		{79DA5EF4-E079-4F19-80D0-6A9B85C6A4AF}.Debug|Any CPU.Build.0 = Debug|Any CPU
		{79DA5EF4-E079-4F19-80D0-6A9B85C6A4AF}.Release|Any CPU.ActiveCfg = Release|Any CPU
		{79DA5EF4-E079-4F19-80D0-6A9B85C6A4AF}.Release|Any CPU.Build.0 = Release|Any CPU
		{88246422-E4EB-4586-B9BB-35EEA4EA242D}.Debug|Any CPU.ActiveCfg = Debug|Any CPU
		{88246422-E4EB-4586-B9BB-35EEA4EA242D}.Debug|Any CPU.Build.0 = Debug|Any CPU
		{88246422-E4EB-4586-B9BB-35EEA4EA242D}.Release|Any CPU.ActiveCfg = Release|Any CPU
		{88246422-E4EB-4586-B9BB-35EEA4EA242D}.Release|Any CPU.Build.0 = Release|Any CPU
		{CD22764D-F9E7-45C0-B54F-6350BF1A1732}.Debug|Any CPU.ActiveCfg = Debug|Any CPU
		{CD22764D-F9E7-45C0-B54F-6350BF1A1732}.Debug|Any CPU.Build.0 = Debug|Any CPU
		{CD22764D-F9E7-45C0-B54F-6350BF1A1732}.Release|Any CPU.ActiveCfg = Release|Any CPU
		{CD22764D-F9E7-45C0-B54F-6350BF1A1732}.Release|Any CPU.Build.0 = Release|Any CPU
	EndGlobalSection
	GlobalSection(SolutionProperties) = preSolution
		HideSolutionNode = FALSE
	EndGlobalSection
	GlobalSection(ExtensibilityGlobals) = postSolution
		SolutionGuid = {40F6E2F6-C2A2-4147-802F-5104783060DB}
	EndGlobalSection
EndGlobal
