
Microsoft Visual Studio Solution File, Format Version 12.00
# Visual Studio Version 17
VisualStudioVersion = 17.8.34408.163
MinimumVisualStudioVersion = 10.0.40219.1
Project("{9A19103F-16F7-4668-BE54-9A1E7A4F7556}") = "M000", "M000\M000.csproj", "{79DA5EF4-E079-4F19-80D0-6A9B85C6A4AF}"
EndProject
Project("{9A19103F-16F7-4668-BE54-9A1E7A4F7556}") = "M001", "M001\M001.csproj", "{88246422-E4EB-4586-B9BB-35EEA4EA242D}"
EndProject
Project("{9A19103F-16F7-4668-BE54-9A1E7A4F7556}") = "M002", "M002\M002.csproj", "{CD22764D-F9E7-45C0-B54F-6350BF1A1732}"
EndProject
Project("{9A19103F-16F7-4668-BE54-9A1E7A4F7556}") = "M003", "M003\M003.csproj", "{61976ECF-6883-4B5A-A24A-1E195231C492}"
EndProject
Project("{9A19103F-16F7-4668-BE54-9A1E7A4F7556}") = "M004", "M004\M004.csproj", "{F7938159-607F-4857-879C-437C2FD20E9C}"
EndProject
Project("{9A19103F-16F7-4668-BE54-9A1E7A4F7556}") = "M005", "M005\M005.csproj", "{D9A03F73-B832-4C7D-A5F2-E8C4A7CBA06F}"
EndProject
Project("{9A19103F-16F7-4668-BE54-9A1E7A4F7556}") = "M006", "M006\M006.csproj", "{95ECE064-446E-437F-9F5F-4BBA459A7549}"
EndProject
Project("{9A19103F-16F7-4668-BE54-9A1E7A4F7556}") = "M007", "M007\M007.csproj", "{0B7543AD-0BBB-4931-BAD5-02B4512FAC44}"
EndProject
Project("{9A19103F-16F7-4668-BE54-9A1E7A4F7556}") = "M008", "M008\M008.csproj", "{FB527A48-68C8-4CDF-99DC-511C0590B075}"
EndProject
Project("{9A19103F-16F7-4668-BE54-9A1E7A4F7556}") = "M009", "M009\M009.csproj", "{A7B33311-E4F2-4123-BC2B-1B3CE3A302B5}"
EndProject
Project("{9A19103F-16F7-4668-BE54-9A1E7A4F7556}") = "M010", "M010\M010.csproj", "{368654B0-9EB3-4437-B1F7-85BC1D92D42E}"
EndProject
Project("{9A19103F-16F7-4668-BE54-9A1E7A4F7556}") = "M011", "M011\M011.csproj", "{D805D83A-38D6-4361-8E18-F090965CF81A}"
EndProject
Project("{FAE04EC0-301F-11D3-BF4B-00C04F79EFBC}") = "M012", "M012\M012.csproj", "{A50CEDDE-5785-4381-A2DE-FA2ADE829217}"
EndProject
Global
	GlobalSection(SolutionConfigurationPlatforms) = preSolution
		Debug|Any CPU = Debug|Any CPU
		Release|Any CPU = Release|Any CPU
	EndGlobalSection
	GlobalSection(ProjectConfigurationPlatforms) = postSolution
		{79DA5EF4-E079-4F19-80D0-6A9B85C6A4AF}.Debug|Any CPU.ActiveCfg = Debug|Any CPU
		{79DA5EF4-E079-4F19-80D0-6A9B85C6A4AF}.Debug|Any CPU.Build.0 = Debug|Any CPU
		{79DA5EF4-E079-4F19-80D0-6A9B85C6A4AF}.Release|Any CPU.ActiveCfg = Release|Any CPU
		{79DA5EF4-E079-4F19-80D0-6A9B85C6A4AF}.Release|Any CPU.Build.0 = Release|Any CPU
		{88246422-E4EB-4586-B9BB-35EEA4EA242D}.Debug|Any CPU.ActiveCfg = Debug|Any CPU
		{88246422-E4EB-4586-B9BB-35EEA4EA242D}.Debug|Any CPU.Build.0 = Debug|Any CPU
		{88246422-E4EB-4586-B9BB-35EEA4EA242D}.Release|Any CPU.ActiveCfg = Release|Any CPU
		{88246422-E4EB-4586-B9BB-35EEA4EA242D}.Release|Any CPU.Build.0 = Release|Any CPU
		{CD22764D-F9E7-45C0-B54F-6350BF1A1732}.Debug|Any CPU.ActiveCfg = Debug|Any CPU
		{CD22764D-F9E7-45C0-B54F-6350BF1A1732}.Debug|Any CPU.Build.0 = Debug|Any CPU
		{CD22764D-F9E7-45C0-B54F-6350BF1A1732}.Release|Any CPU.ActiveCfg = Release|Any CPU
		{CD22764D-F9E7-45C0-B54F-6350BF1A1732}.Release|Any CPU.Build.0 = Release|Any CPU
		{61976ECF-6883-4B5A-A24A-1E195231C492}.Debug|Any CPU.ActiveCfg = Debug|Any CPU
		{61976ECF-6883-4B5A-A24A-1E195231C492}.Debug|Any CPU.Build.0 = Debug|Any CPU
		{61976ECF-6883-4B5A-A24A-1E195231C492}.Release|Any CPU.ActiveCfg = Release|Any CPU
		{61976ECF-6883-4B5A-A24A-1E195231C492}.Release|Any CPU.Build.0 = Release|Any CPU
		{F7938159-607F-4857-879C-437C2FD20E9C}.Debug|Any CPU.ActiveCfg = Debug|Any CPU
		{F7938159-607F-4857-879C-437C2FD20E9C}.Debug|Any CPU.Build.0 = Debug|Any CPU
		{F7938159-607F-4857-879C-437C2FD20E9C}.Release|Any CPU.ActiveCfg = Release|Any CPU
		{F7938159-607F-4857-879C-437C2FD20E9C}.Release|Any CPU.Build.0 = Release|Any CPU
		{D9A03F73-B832-4C7D-A5F2-E8C4A7CBA06F}.Debug|Any CPU.ActiveCfg = Debug|Any CPU
		{D9A03F73-B832-4C7D-A5F2-E8C4A7CBA06F}.Debug|Any CPU.Build.0 = Debug|Any CPU
		{D9A03F73-B832-4C7D-A5F2-E8C4A7CBA06F}.Release|Any CPU.ActiveCfg = Release|Any CPU
		{D9A03F73-B832-4C7D-A5F2-E8C4A7CBA06F}.Release|Any CPU.Build.0 = Release|Any CPU
		{95ECE064-446E-437F-9F5F-4BBA459A7549}.Debug|Any CPU.ActiveCfg = Debug|Any CPU
		{95ECE064-446E-437F-9F5F-4BBA459A7549}.Debug|Any CPU.Build.0 = Debug|Any CPU
		{95ECE064-446E-437F-9F5F-4BBA459A7549}.Release|Any CPU.ActiveCfg = Release|Any CPU
		{95ECE064-446E-437F-9F5F-4BBA459A7549}.Release|Any CPU.Build.0 = Release|Any CPU
		{0B7543AD-0BBB-4931-BAD5-02B4512FAC44}.Debug|Any CPU.ActiveCfg = Debug|Any CPU
		{0B7543AD-0BBB-4931-BAD5-02B4512FAC44}.Debug|Any CPU.Build.0 = Debug|Any CPU
		{0B7543AD-0BBB-4931-BAD5-02B4512FAC44}.Release|Any CPU.ActiveCfg = Release|Any CPU
		{0B7543AD-0BBB-4931-BAD5-02B4512FAC44}.Release|Any CPU.Build.0 = Release|Any CPU
		{FB527A48-68C8-4CDF-99DC-511C0590B075}.Debug|Any CPU.ActiveCfg = Debug|Any CPU
		{FB527A48-68C8-4CDF-99DC-511C0590B075}.Debug|Any CPU.Build.0 = Debug|Any CPU
		{FB527A48-68C8-4CDF-99DC-511C0590B075}.Release|Any CPU.ActiveCfg = Release|Any CPU
		{FB527A48-68C8-4CDF-99DC-511C0590B075}.Release|Any CPU.Build.0 = Release|Any CPU
		{A7B33311-E4F2-4123-BC2B-1B3CE3A302B5}.Debug|Any CPU.ActiveCfg = Debug|Any CPU
		{A7B33311-E4F2-4123-BC2B-1B3CE3A302B5}.Debug|Any CPU.Build.0 = Debug|Any CPU
		{A7B33311-E4F2-4123-BC2B-1B3CE3A302B5}.Release|Any CPU.ActiveCfg = Release|Any CPU
		{A7B33311-E4F2-4123-BC2B-1B3CE3A302B5}.Release|Any CPU.Build.0 = Release|Any CPU
		{368654B0-9EB3-4437-B1F7-85BC1D92D42E}.Debug|Any CPU.ActiveCfg = Debug|Any CPU
		{368654B0-9EB3-4437-B1F7-85BC1D92D42E}.Debug|Any CPU.Build.0 = Debug|Any CPU
		{368654B0-9EB3-4437-B1F7-85BC1D92D42E}.Release|Any CPU.ActiveCfg = Release|Any CPU
		{368654B0-9EB3-4437-B1F7-85BC1D92D42E}.Release|Any CPU.Build.0 = Release|Any CPU
		{D805D83A-38D6-4361-8E18-F090965CF81A}.Debug|Any CPU.ActiveCfg = Debug|Any CPU
		{D805D83A-38D6-4361-8E18-F090965CF81A}.Debug|Any CPU.Build.0 = Debug|Any CPU
		{D805D83A-38D6-4361-8E18-F090965CF81A}.Release|Any CPU.ActiveCfg = Release|Any CPU
		{D805D83A-38D6-4361-8E18-F090965CF81A}.Release|Any CPU.Build.0 = Release|Any CPU
		{A50CEDDE-5785-4381-A2DE-FA2ADE829217}.Debug|Any CPU.ActiveCfg = Debug|Any CPU
		{A50CEDDE-5785-4381-A2DE-FA2ADE829217}.Debug|Any CPU.Build.0 = Debug|Any CPU
		{A50CEDDE-5785-4381-A2DE-FA2ADE829217}.Release|Any CPU.ActiveCfg = Release|Any CPU
		{A50CEDDE-5785-4381-A2DE-FA2ADE829217}.Release|Any CPU.Build.0 = Release|Any CPU
	EndGlobalSection
	GlobalSection(SolutionProperties) = preSolution
		HideSolutionNode = FALSE
	EndGlobalSection
	GlobalSection(ExtensibilityGlobals) = postSolution
		SolutionGuid = {40F6E2F6-C2A2-4147-802F-5104783060DB}
	EndGlobalSection
EndGlobal
